
Microsoft Visual Studio Solution File, Format Version 12.00
# Visual Studio Version 17
VisualStudioVersion = 17.0.31903.59
MinimumVisualStudioVersion = 10.0.40219.1
Project("{2150E333-8FDC-42A3-9474-1A3956D46DE8}") = "src", "src", "{E1E58344-EC1F-4565-B53C-BCBB9F04A7D1}"
EndProject
Project("{FAE04EC0-301F-11D3-BF4B-00C04F79EFBC}") = "ScreenMind.AI", "src\ScreenMind.AI\ScreenMind.AI.csproj", "{8164E73C-E814-49D4-9852-FA6ADA87201B}"
EndProject
Project("{FAE04EC0-301F-11D3-BF4B-00C04F79EFBC}") = "ScreenMind.App", "src\ScreenMind.App\ScreenMind.App.csproj", "{D989254E-0A3F-42B1-8422-FE5DECB56F7D}"
EndProject
Project("{FAE04EC0-301F-11D3-BF4B-00C04F79EFBC}") = "ScreenMind.Core", "src\ScreenMind.Core\ScreenMind.Core.csproj", "{E93C518A-4C1D-44CF-A3C3-792A5867E00B}"
EndProject
Project("{FAE04EC0-301F-11D3-BF4B-00C04F79EFBC}") = "ScreenMind.Infrastructure", "src\ScreenMind.Infrastructure\ScreenMind.Infrastructure.csproj", "{91AC27BD-ECED-4329-8664-97C60F31C1B5}"
EndProject
Project("{FAE04EC0-301F-11D3-BF4B-00C04F79EFBC}") = "ScreenMind.Platform.Windows", "src\ScreenMind.Platform.Windows\ScreenMind.Platform.Windows.csproj", "{C4395AFD-51CC-4FB8-A629-C367EC12E1F7}"
EndProject
Project("{FAE04EC0-301F-11D3-BF4B-00C04F79EFBC}") = "ScreenMind.Providers.Anthropic", "src\ScreenMind.Providers.Anthropic\ScreenMind.Providers.Anthropic.csproj", "{BE00AB37-BE56-4609-BD66-CDA0280727A2}"
EndProject
Project("{FAE04EC0-301F-11D3-BF4B-00C04F79EFBC}") = "ScreenMind.Providers.Gemini", "src\ScreenMind.Providers.Gemini\ScreenMind.Providers.Gemini.csproj", "{B2131BA5-BD4D-4307-A595-7F468E4E7F0F}"
EndProject
Project("{FAE04EC0-301F-11D3-BF4B-00C04F79EFBC}") = "ScreenMind.Providers.Ollama", "src\ScreenMind.Providers.Ollama\ScreenMind.Providers.Ollama.csproj", "{084CE89A-560C-4807-821F-11970FFAFE14}"
EndProject
Project("{FAE04EC0-301F-11D3-BF4B-00C04F79EFBC}") = "ScreenMind.Providers.OpenAI", "src\ScreenMind.Providers.OpenAI\ScreenMind.Providers.OpenAI.csproj", "{D7DD407A-EA7C-44DF-8D05-1184FF04F981}"
EndProject
Project("{FAE04EC0-301F-11D3-BF4B-00C04F79EFBC}") = "ScreenMind.Providers.OpenAICompatible", "src\ScreenMind.Providers.OpenAICompatible\ScreenMind.Providers.OpenAICompatible.csproj", "{60688624-59CE-4B0A-AA8A-3D66959864C3}"
EndProject
Project("{FAE04EC0-301F-11D3-BF4B-00C04F79EFBC}") = "ScreenMind.UI", "src\ScreenMind.UI\ScreenMind.UI.csproj", "{C96B474C-73B4-4D13-9AF3-DC72F83E5D4F}"
EndProject
Project("{2150E333-8FDC-42A3-9474-1A3956D46DE8}") = "tests", "tests", "{8AAAA5B5-8D93-4059-9F5C-C05F773EEBA3}"
EndProject
Project("{FAE04EC0-301F-11D3-BF4B-00C04F79EFBC}") = "ScreenMind.AI.Tests", "tests\ScreenMind.AI.Tests\ScreenMind.AI.Tests.csproj", "{CA0FB37C-9DE4-4A84-967F-786140BDDF10}"
EndProject
Project("{FAE04EC0-301F-11D3-BF4B-00C04F79EFBC}") = "ScreenMind.Core.Tests", "tests\ScreenMind.Core.Tests\ScreenMind.Core.Tests.csproj", "{6BA71FDC-8CC2-4801-BDA6-7373097A9418}"
EndProject
Project("{FAE04EC0-301F-11D3-BF4B-00C04F79EFBC}") = "ScreenMind.IntegrationTests", "tests\ScreenMind.IntegrationTests\ScreenMind.IntegrationTests.csproj", "{97685EBE-50F0-42D7-B479-FFD7F213C97A}"
EndProject
Project("{FAE04EC0-301F-11D3-BF4B-00C04F79EFBC}") = "ScreenMind.Platform.Windows.Tests", "tests\ScreenMind.Platform.Windows.Tests\ScreenMind.Platform.Windows.Tests.csproj", "{7056D878-B742-43DD-9A86-E71E2EAAADC1}"
EndProject
Global
	GlobalSection(SolutionConfigurationPlatforms) = preSolution
		Debug|Any CPU = Debug|Any CPU
		Release|Any CPU = Release|Any CPU
	EndGlobalSection
	GlobalSection(SolutionProperties) = preSolution
		HideSolutionNode = FALSE
	EndGlobalSection
	GlobalSection(ProjectConfigurationPlatforms) = postSolution
		{8164E73C-E814-49D4-9852-FA6ADA87201B}.Debug|Any CPU.ActiveCfg = Debug|Any CPU
		{8164E73C-E814-49D4-9852-FA6ADA87201B}.Debug|Any CPU.Build.0 = Debug|Any CPU
		{8164E73C-E814-49D4-9852-FA6ADA87201B}.Release|Any CPU.ActiveCfg = Release|Any CPU
		{8164E73C-E814-49D4-9852-FA6ADA87201B}.Release|Any CPU.Build.0 = Release|Any CPU
		{D989254E-0A3F-42B1-8422-FE5DECB56F7D}.Debug|Any CPU.ActiveCfg = Debug|Any CPU
		{D989254E-0A3F-42B1-8422-FE5DECB56F7D}.Debug|Any CPU.Build.0 = Debug|Any CPU
		{D989254E-0A3F-42B1-8422-FE5DECB56F7D}.Release|Any CPU.ActiveCfg = Release|Any CPU
		{D989254E-0A3F-42B1-8422-FE5DECB56F7D}.Release|Any CPU.Build.0 = Release|Any CPU
		{E93C518A-4C1D-44CF-A3C3-792A5867E00B}.Debug|Any CPU.ActiveCfg = Debug|Any CPU
		{E93C518A-4C1D-44CF-A3C3-792A5867E00B}.Debug|Any CPU.Build.0 = Debug|Any CPU
		{E93C518A-4C1D-44CF-A3C3-792A5867E00B}.Release|Any CPU.ActiveCfg = Release|Any CPU
		{E93C518A-4C1D-44CF-A3C3-792A5867E00B}.Release|Any CPU.Build.0 = Release|Any CPU
		{91AC27BD-ECED-4329-8664-97C60F31C1B5}.Debug|Any CPU.ActiveCfg = Debug|Any CPU
		{91AC27BD-ECED-4329-8664-97C60F31C1B5}.Debug|Any CPU.Build.0 = Debug|Any CPU
		{91AC27BD-ECED-4329-8664-97C60F31C1B5}.Release|Any CPU.ActiveCfg = Release|Any CPU
		{91AC27BD-ECED-4329-8664-97C60F31C1B5}.Release|Any CPU.Build.0 = Release|Any CPU
		{C4395AFD-51CC-4FB8-A629-C367EC12E1F7}.Debug|Any CPU.ActiveCfg = Debug|Any CPU
		{C4395AFD-51CC-4FB8-A629-C367EC12E1F7}.Debug|Any CPU.Build.0 = Debug|Any CPU
		{C4395AFD-51CC-4FB8-A629-C367EC12E1F7}.Release|Any CPU.ActiveCfg = Release|Any CPU
		{C4395AFD-51CC-4FB8-A629-C367EC12E1F7}.Release|Any CPU.Build.0 = Release|Any CPU
		{BE00AB37-BE56-4609-BD66-CDA0280727A2}.Debug|Any CPU.ActiveCfg = Debug|Any CPU
		{BE00AB37-BE56-4609-BD66-CDA0280727A2}.Debug|Any CPU.Build.0 = Debug|Any CPU
		{BE00AB37-BE56-4609-BD66-CDA0280727A2}.Release|Any CPU.ActiveCfg = Release|Any CPU
		{BE00AB37-BE56-4609-BD66-CDA0280727A2}.Release|Any CPU.Build.0 = Release|Any CPU
		{B2131BA5-BD4D-4307-A595-7F468E4E7F0F}.Debug|Any CPU.ActiveCfg = Debug|Any CPU
		{B2131BA5-BD4D-4307-A595-7F468E4E7F0F}.Debug|Any CPU.Build.0 = Debug|Any CPU
		{B2131BA5-BD4D-4307-A595-7F468E4E7F0F}.Release|Any CPU.ActiveCfg = Release|Any CPU
		{B2131BA5-BD4D-4307-A595-7F468E4E7F0F}.Release|Any CPU.Build.0 = Release|Any CPU
		{084CE89A-560C-4807-821F-11970FFAFE14}.Debug|Any CPU.ActiveCfg = Debug|Any CPU
		{084CE89A-560C-4807-821F-11970FFAFE14}.Debug|Any CPU.Build.0 = Debug|Any CPU
		{084CE89A-560C-4807-821F-11970FFAFE14}.Release|Any CPU.ActiveCfg = Release|Any CPU
		{084CE89A-560C-4807-821F-11970FFAFE14}.Release|Any CPU.Build.0 = Release|Any CPU
		{D7DD407A-EA7C-44DF-8D05-1184FF04F981}.Debug|Any CPU.ActiveCfg = Debug|Any CPU
		{D7DD407A-EA7C-44DF-8D05-1184FF04F981}.Debug|Any CPU.Build.0 = Debug|Any CPU
		{D7DD407A-EA7C-44DF-8D05-1184FF04F981}.Release|Any CPU.ActiveCfg = Release|Any CPU
		{D7DD407A-EA7C-44DF-8D05-1184FF04F981}.Release|Any CPU.Build.0 = Release|Any CPU
		{60688624-59CE-4B0A-AA8A-3D66959864C3}.Debug|Any CPU.ActiveCfg = Debug|Any CPU
		{60688624-59CE-4B0A-AA8A-3D66959864C3}.Debug|Any CPU.Build.0 = Debug|Any CPU
		{60688624-59CE-4B0A-AA8A-3D66959864C3}.Release|Any CPU.ActiveCfg = Release|Any CPU
		{60688624-59CE-4B0A-AA8A-3D66959864C3}.Release|Any CPU.Build.0 = Release|Any CPU
		{C96B474C-73B4-4D13-9AF3-DC72F83E5D4F}.Debug|Any CPU.ActiveCfg = Debug|Any CPU
		{C96B474C-73B4-4D13-9AF3-DC72F83E5D4F}.Debug|Any CPU.Build.0 = Debug|Any CPU
		{C96B474C-73B4-4D13-9AF3-DC72F83E5D4F}.Release|Any CPU.ActiveCfg = Release|Any CPU
		{C96B474C-73B4-4D13-9AF3-DC72F83E5D4F}.Release|Any CPU.Build.0 = Release|Any CPU
		{CA0FB37C-9DE4-4A84-967F-786140BDDF10}.Debug|Any CPU.ActiveCfg = Debug|Any CPU
		{CA0FB37C-9DE4-4A84-967F-786140BDDF10}.Debug|Any CPU.Build.0 = Debug|Any CPU
		{CA0FB37C-9DE4-4A84-967F-786140BDDF10}.Release|Any CPU.ActiveCfg = Release|Any CPU
		{CA0FB37C-9DE4-4A84-967F-786140BDDF10}.Release|Any CPU.Build.0 = Release|Any CPU
		{6BA71FDC-8CC2-4801-BDA6-7373097A9418}.Debug|Any CPU.ActiveCfg = Debug|Any CPU
		{6BA71FDC-8CC2-4801-BDA6-7373097A9418}.Debug|Any CPU.Build.0 = Debug|Any CPU
		{6BA71FDC-8CC2-4801-BDA6-7373097A9418}.Release|Any CPU.ActiveCfg = Release|Any CPU
		{6BA71FDC-8CC2-4801-BDA6-7373097A9418}.Release|Any CPU.Build.0 = Release|Any CPU
		{97685EBE-50F0-42D7-B479-FFD7F213C97A}.Debug|Any CPU.ActiveCfg = Debug|Any CPU
		{97685EBE-50F0-42D7-B479-FFD7F213C97A}.Debug|Any CPU.Build.0 = Debug|Any CPU
		{97685EBE-50F0-42D7-B479-FFD7F213C97A}.Release|Any CPU.ActiveCfg = Release|Any CPU
		{97685EBE-50F0-42D7-B479-FFD7F213C97A}.Release|Any CPU.Build.0 = Release|Any CPU
		{7056D878-B742-43DD-9A86-E71E2EAAADC1}.Debug|Any CPU.ActiveCfg = Debug|Any CPU
		{7056D878-B742-43DD-9A86-E71E2EAAADC1}.Debug|Any CPU.Build.0 = Debug|Any CPU
		{7056D878-B742-43DD-9A86-E71E2EAAADC1}.Release|Any CPU.ActiveCfg = Release|Any CPU
		{7056D878-B742-43DD-9A86-E71E2EAAADC1}.Release|Any CPU.Build.0 = Release|Any CPU
	EndGlobalSection
	GlobalSection(NestedProjects) = preSolution
		{8164E73C-E814-49D4-9852-FA6ADA87201B} = {E1E58344-EC1F-4565-B53C-BCBB9F04A7D1}
		{D989254E-0A3F-42B1-8422-FE5DECB56F7D} = {E1E58344-EC1F-4565-B53C-BCBB9F04A7D1}
		{E93C518A-4C1D-44CF-A3C3-792A5867E00B} = {E1E58344-EC1F-4565-B53C-BCBB9F04A7D1}
		{91AC27BD-ECED-4329-8664-97C60F31C1B5} = {E1E58344-EC1F-4565-B53C-BCBB9F04A7D1}
		{C4395AFD-51CC-4FB8-A629-C367EC12E1F7} = {E1E58344-EC1F-4565-B53C-BCBB9F04A7D1}
		{BE00AB37-BE56-4609-BD66-CDA0280727A2} = {E1E58344-EC1F-4565-B53C-BCBB9F04A7D1}
		{B2131BA5-BD4D-4307-A595-7F468E4E7F0F} = {E1E58344-EC1F-4565-B53C-BCBB9F04A7D1}
		{084CE89A-560C-4807-821F-11970FFAFE14} = {E1E58344-EC1F-4565-B53C-BCBB9F04A7D1}
		{D7DD407A-EA7C-44DF-8D05-1184FF04F981} = {E1E58344-EC1F-4565-B53C-BCBB9F04A7D1}
		{60688624-59CE-4B0A-AA8A-3D66959864C3} = {E1E58344-EC1F-4565-B53C-BCBB9F04A7D1}
		{C96B474C-73B4-4D13-9AF3-DC72F83E5D4F} = {E1E58344-EC1F-4565-B53C-BCBB9F04A7D1}
		{CA0FB37C-9DE4-4A84-967F-786140BDDF10} = {8AAAA5B5-8D93-4059-9F5C-C05F773EEBA3}
		{6BA71FDC-8CC2-4801-BDA6-7373097A9418} = {8AAAA5B5-8D93-4059-9F5C-C05F773EEBA3}
		{97685EBE-50F0-42D7-B479-FFD7F213C97A} = {8AAAA5B5-8D93-4059-9F5C-C05F773EEBA3}
		{7056D878-B742-43DD-9A86-E71E2EAAADC1} = {8AAAA5B5-8D93-4059-9F5C-C05F773EEBA3}
	EndGlobalSection
EndGlobal
